{
  "name": "wrestle-manager",
  "lockfileVersion": 3,
  "requires": true,
  "packages": {
    "": {
      "dependencies": {
        "lz-string": "^1.5.0",
        "notion-client": "^7.8.3"
      }
    },
    "node_modules/destr": {
      "version": "2.0.5",
      "resolved": "https://registry.npmjs.org/destr/-/destr-2.0.5.tgz",
      "integrity": "sha512-ugFTXCtDZunbzasqBxrK93Ik/DRYsO6S/fedkWEMKqt04xZ4csmnmwGDBAb07QWNaGMAmnTIemsYZCksjATwsA==",
      "license": "MIT"
    },
    "node_modules/eventemitter3": {
      "version": "5.0.4",
      "resolved": "https://registry.npmjs.org/eventemitter3/-/eventemitter3-5.0.4.tgz",
      "integrity": "sha512-mlsTRyGaPBjPedk6Bvw+aqbsXDtoAyAzm5MO7JgU+yVRyMQ5O8bD4Kcci7BS85f93veegeCPkL8R4GLClnjLFw==",
      "license": "MIT"
    },
    "node_modules/is-url-superb": {
      "version": "6.1.0",
      "resolved": "https://registry.npmjs.org/is-url-superb/-/is-url-superb-6.1.0.tgz",
      "integrity": "sha512-LXdhGlYqUPdvEyIhWPEEwYYK3yrUiPcBjmFGlZNv1u5GtIL5qQRf7ddDyPNAvsMFqdzS923FROpTQU97tLe3JQ==",
      "license": "MIT",
      "engines": {
        "node": ">=12"
      },
      "funding": {
        "url": "https://github.com/sponsors/sindresorhus"
      }
    },
    "node_modules/lz-string": {
      "version": "1.5.0",
      "resolved": "https://registry.npmjs.org/lz-string/-/lz-string-1.5.0.tgz",
      "integrity": "sha512-h5bgJWpxJNswbU7qCrV0tIKQCaS3blPDrqKWx+QxzuzL1zGUzij9XCWLrSLsJPu5t+eWA/ycetzYAO5IOMcWAQ==",
      "license": "MIT",
      "bin": {
        "lz-string": "bin/bin.js"
      }
    },
    "node_modules/memoize": {
      "version": "10.2.0",
      "resolved": "https://registry.npmjs.org/memoize/-/memoize-10.2.0.tgz",
      "integrity": "sha512-DeC6b7QBrZsRs3Y02A6A7lQyzFbsQbqgjI6UW0GigGWV+u1s25TycMr0XHZE4cJce7rY/vyw2ctMQqfDkIhUEA==",
      "license": "MIT",
      "dependencies": {
        "mimic-function": "^5.0.1"
      },
      "engines": {
        "node": ">=18"
      },
      "funding": {
        "url": "https://github.com/sindresorhus/memoize?sponsor=1"
      }
    },
    "node_modules/mimic-function": {
      "version": "5.0.1",
      "resolved": "https://registry.npmjs.org/mimic-function/-/mimic-function-5.0.1.tgz",
      "integrity": "sha512-VP79XUPxV2CigYP3jWwAUFSku2aKqBH7uTAapFWCBqutsbmDo96KY5o8uh6U+/YSIn5OxJnXp73beVkpqMIGhA==",
      "license": "MIT",
      "engines": {
        "node": ">=18"
      },
      "funding": {
        "url": "https://github.com/sponsors/sindresorhus"
      }
    },
    "node_modules/node-fetch-native": {
      "version": "1.6.7",
      "resolved": "https://registry.npmjs.org/node-fetch-native/-/node-fetch-native-1.6.7.tgz",
      "integrity": "sha512-g9yhqoedzIUm0nTnTqAQvueMPVOuIY16bqgAJJC8XOOubYFNwz6IER9qs0Gq2Xd0+CecCKFjtdDTMA4u4xG06Q==",
      "license": "MIT"
    },
    "node_modules/normalize-url": {
      "version": "8.1.1",
      "resolved": "https://registry.npmjs.org/normalize-url/-/normalize-url-8.1.1.tgz",
      "integrity": "sha512-JYc0DPlpGWB40kH5g07gGTrYuMqV653k3uBKY6uITPWds3M0ov3GaWGp9lbE3Bzngx8+XkfzgvASb9vk9JDFXQ==",
      "license": "MIT",
      "engines": {
        "node": ">=14.16"
      },
      "funding": {
        "url": "https://github.com/sponsors/sindresorhus"
      }
    },
    "node_modules/notion-client": {
      "version": "7.8.3",
      "resolved": "https://registry.npmjs.org/notion-client/-/notion-client-7.8.3.tgz",
      "integrity": "sha512-mzvM83gSRaB9KiYunYOTchEeAGkrS2isqToVWnz5mhRJOsMT7Osngkgj2EZ2smL3mjcGMeJsBLKqVwNEcN1cgQ==",
      "license": "MIT",
      "dependencies": {
        "notion-types": "7.8.3",
        "notion-utils": "7.8.3",
        "ofetch": "^1.4.1",
        "p-map": "^7.0.3"
      },
      "engines": {
        "node": ">=18"
      }
    },
    "node_modules/notion-types": {
      "version": "7.8.3",
      "resolved": "https://registry.npmjs.org/notion-types/-/notion-types-7.8.3.tgz",
      "integrity": "sha512-4czeSnkoYAkxcujhyTRmiImYzFV7sqUbrIC/5UZ9gK22rpBO65X9Fz/swaK2wOxpaBzJ2GQssUpiWnmLLfEhfA==",
      "license": "MIT",
      "engines": {
        "node": ">=18"
      }
    },
    "node_modules/notion-utils": {
      "version": "7.8.3",
      "resolved": "https://registry.npmjs.org/notion-utils/-/notion-utils-7.8.3.tgz",
      "integrity": "sha512-D5h0rJ9WHGHIyf49FCb8ESsvOGpKs4OUC5oToS5qON3c/UOoqLrRi0lzl8WBJhWyomJuuGYuk+7BeKJuBabjLQ==",
      "license": "MIT",
      "dependencies": {
        "is-url-superb": "^6.1.0",
        "memoize": "^10.1.0",
        "normalize-url": "^8.0.1",
        "notion-types": "7.8.3",
        "p-queue": "^8.1.0"
      },
      "engines": {
        "node": ">=18"
      }
    },
    "node_modules/ofetch": {
      "version": "1.5.1",
      "resolved": "https://registry.npmjs.org/ofetch/-/ofetch-1.5.1.tgz",
      "integrity": "sha512-2W4oUZlVaqAPAil6FUg/difl6YhqhUR7x2eZY4bQCko22UXg3hptq9KLQdqFClV+Wu85UX7hNtdGTngi/1BxcA==",
      "license": "MIT",
      "dependencies": {
        "destr": "^2.0.5",
        "node-fetch-native": "^1.6.7",
        "ufo": "^1.6.1"
      }
    },
    "node_modules/p-map": {
      "version": "7.0.4",
      "resolved": "https://registry.npmjs.org/p-map/-/p-map-7.0.4.tgz",
      "integrity": "sha512-tkAQEw8ysMzmkhgw8k+1U/iPhWNhykKnSk4Rd5zLoPJCuJaGRPo6YposrZgaxHKzDHdDWWZvE/Sk7hsL2X/CpQ==",
      "license": "MIT",
      "engines": {
        "node": ">=18"
      },
      "funding": {
        "url": "https://github.com/sponsors/sindresorhus"
      }
    },
    "node_modules/p-queue": {
      "version": "8.1.1",
      "resolved": "https://registry.npmjs.org/p-queue/-/p-queue-8.1.1.tgz",
      "integrity": "sha512-aNZ+VfjobsWryoiPnEApGGmf5WmNsCo9xu8dfaYamG5qaLP7ClhLN6NgsFe6SwJ2UbLEBK5dv9x8Mn5+RVhMWQ==",
      "license": "MIT",
      "dependencies": {
        "eventemitter3": "^5.0.1",
        "p-timeout": "^6.1.2"
      },
      "engines": {
        "node": ">=18"
      },
      "funding": {
        "url": "https://github.com/sponsors/sindresorhus"
      }
    },
    "node_modules/p-timeout": {
      "version": "6.1.4",
      "resolved": "https://registry.npmjs.org/p-timeout/-/p-timeout-6.1.4.tgz",
      "integrity": "sha512-MyIV3ZA/PmyBN/ud8vV9XzwTrNtR4jFrObymZYnZqMmW0zA8Z17vnT0rBgFE/TlohB+YCHqXMgZzb3Csp49vqg==",
      "license": "MIT",
      "engines": {
        "node": ">=14.16"
      },
      "funding": {
        "url": "https://github.com/sponsors/sindresorhus"
      }
    },
    "node_modules/ufo": {
      "version": "1.6.3",
      "resolved": "https://registry.npmjs.org/ufo/-/ufo-1.6.3.tgz",
      "integrity": "sha512-yDJTmhydvl5lJzBmy/hyOAA0d+aqCBuwl818haVdYCRrWV84o7YyeVm4QlVHStqNrrJSTb6jKuFAVqAFsr+K3Q==",
      "license": "MIT"
    }
  }
}
